
Microsoft Visual Studio Solution File, Format Version 12.00
# Visual Studio Version 16
VisualStudioVersion = 16.0.30309.148
MinimumVisualStudioVersion = 10.0.40219.1
Project("{2150E333-8FDC-42A3-9474-1A3956D46DE8}") = "PatternImplemantations", "PatternImplemantations", "{03DD28BC-03D8-490D-8F87-0CA14F7D509F}"
EndProject
Project("{FAE04EC0-301F-11D3-BF4B-00C04F79EFBC}") = "Abstractions", "PatternImplemantations\Abstractions\Abstractions.csproj", "{E74E8A9D-5170-46C0-B35D-D2AD33292156}"
EndProject
Project("{FAE04EC0-301F-11D3-BF4B-00C04F79EFBC}") = "Repositories", "PatternImplemantations\Repositories\Repositories.csproj", "{0B752A11-638A-47A7-8F93-40D1F472AA70}"
EndProject
Project("{FAE04EC0-301F-11D3-BF4B-00C04F79EFBC}") = "Specifications", "PatternImplemantations\Specifications\Specifications.csproj", "{7C0D88C1-126E-4554-BA50-E50107E9904B}"
EndProject
Project("{2150E333-8FDC-42A3-9474-1A3956D46DE8}") = "NLayer", "NLayer", "{69AF9A41-98CD-4AC1-9590-A28761E8E12A}"
EndProject
Project("{FAE04EC0-301F-11D3-BF4B-00C04F79EFBC}") = "NLayer.Core", "NLayer\NLayer.Core\NLayer.Core.csproj", "{2C41E589-DBB0-4FD9-89D5-0FDF2401735A}"
EndProject
Project("{FAE04EC0-301F-11D3-BF4B-00C04F79EFBC}") = "NLayer.Dal", "NLayer\NLayer.Dal\NLayer.Dal.csproj", "{A6886F19-D351-498D-BC62-55CE087123D1}"
EndProject
Project("{FAE04EC0-301F-11D3-BF4B-00C04F79EFBC}") = "NLayer.Win", "NLayer\NLayer.Win\NLayer.Win.csproj", "{C638A90D-1295-4A79-ABC4-C428B3654767}"
EndProject
Project("{FAE04EC0-301F-11D3-BF4B-00C04F79EFBC}") = "NLayer.CompositionRoot", "NLayer\NLayer.CompositionRoot\NLayer.CompositionRoot.csproj", "{BB20CAF6-6DC0-4805-82FD-CCCB11C7F32E}"
EndProject
Project("{FAE04EC0-301F-11D3-BF4B-00C04F79EFBC}") = "NLayer.Console.Logic", "NLayer\NLayer.Console.Logic\NLayer.Console.Logic.csproj", "{D5899A58-E608-4C30-A790-8AE7A5A3156F}"
EndProject
Global
	GlobalSection(SolutionConfigurationPlatforms) = preSolution
		Debug|Any CPU = Debug|Any CPU
		Release|Any CPU = Release|Any CPU
	EndGlobalSection
	GlobalSection(ProjectConfigurationPlatforms) = postSolution
		{E74E8A9D-5170-46C0-B35D-D2AD33292156}.Debug|Any CPU.ActiveCfg = Debug|Any CPU
		{E74E8A9D-5170-46C0-B35D-D2AD33292156}.Debug|Any CPU.Build.0 = Debug|Any CPU
		{E74E8A9D-5170-46C0-B35D-D2AD33292156}.Release|Any CPU.ActiveCfg = Release|Any CPU
		{E74E8A9D-5170-46C0-B35D-D2AD33292156}.Release|Any CPU.Build.0 = Release|Any CPU
		{0B752A11-638A-47A7-8F93-40D1F472AA70}.Debug|Any CPU.ActiveCfg = Debug|Any CPU
		{0B752A11-638A-47A7-8F93-40D1F472AA70}.Debug|Any CPU.Build.0 = Debug|Any CPU
		{0B752A11-638A-47A7-8F93-40D1F472AA70}.Release|Any CPU.ActiveCfg = Release|Any CPU
		{0B752A11-638A-47A7-8F93-40D1F472AA70}.Release|Any CPU.Build.0 = Release|Any CPU
		{7C0D88C1-126E-4554-BA50-E50107E9904B}.Debug|Any CPU.ActiveCfg = Debug|Any CPU
		{7C0D88C1-126E-4554-BA50-E50107E9904B}.Debug|Any CPU.Build.0 = Debug|Any CPU
		{7C0D88C1-126E-4554-BA50-E50107E9904B}.Release|Any CPU.ActiveCfg = Release|Any CPU
		{7C0D88C1-126E-4554-BA50-E50107E9904B}.Release|Any CPU.Build.0 = Release|Any CPU
		{2C41E589-DBB0-4FD9-89D5-0FDF2401735A}.Debug|Any CPU.ActiveCfg = Debug|Any CPU
		{2C41E589-DBB0-4FD9-89D5-0FDF2401735A}.Debug|Any CPU.Build.0 = Debug|Any CPU
		{2C41E589-DBB0-4FD9-89D5-0FDF2401735A}.Release|Any CPU.ActiveCfg = Release|Any CPU
		{2C41E589-DBB0-4FD9-89D5-0FDF2401735A}.Release|Any CPU.Build.0 = Release|Any CPU
		{A6886F19-D351-498D-BC62-55CE087123D1}.Debug|Any CPU.ActiveCfg = Debug|Any CPU
		{A6886F19-D351-498D-BC62-55CE087123D1}.Debug|Any CPU.Build.0 = Debug|Any CPU
		{A6886F19-D351-498D-BC62-55CE087123D1}.Release|Any CPU.ActiveCfg = Release|Any CPU
		{A6886F19-D351-498D-BC62-55CE087123D1}.Release|Any CPU.Build.0 = Release|Any CPU
		{C638A90D-1295-4A79-ABC4-C428B3654767}.Debug|Any CPU.ActiveCfg = Debug|Any CPU
		{C638A90D-1295-4A79-ABC4-C428B3654767}.Debug|Any CPU.Build.0 = Debug|Any CPU
		{C638A90D-1295-4A79-ABC4-C428B3654767}.Release|Any CPU.ActiveCfg = Release|Any CPU
		{C638A90D-1295-4A79-ABC4-C428B3654767}.Release|Any CPU.Build.0 = Release|Any CPU
		{BB20CAF6-6DC0-4805-82FD-CCCB11C7F32E}.Debug|Any CPU.ActiveCfg = Debug|Any CPU
		{BB20CAF6-6DC0-4805-82FD-CCCB11C7F32E}.Debug|Any CPU.Build.0 = Debug|Any CPU
		{BB20CAF6-6DC0-4805-82FD-CCCB11C7F32E}.Release|Any CPU.ActiveCfg = Release|Any CPU
		{BB20CAF6-6DC0-4805-82FD-CCCB11C7F32E}.Release|Any CPU.Build.0 = Release|Any CPU
		{D5899A58-E608-4C30-A790-8AE7A5A3156F}.Debug|Any CPU.ActiveCfg = Debug|Any CPU
		{D5899A58-E608-4C30-A790-8AE7A5A3156F}.Debug|Any CPU.Build.0 = Debug|Any CPU
		{D5899A58-E608-4C30-A790-8AE7A5A3156F}.Release|Any CPU.ActiveCfg = Release|Any CPU
		{D5899A58-E608-4C30-A790-8AE7A5A3156F}.Release|Any CPU.Build.0 = Release|Any CPU
	EndGlobalSection
	GlobalSection(SolutionProperties) = preSolution
		HideSolutionNode = FALSE
	EndGlobalSection
	GlobalSection(NestedProjects) = preSolution
		{E74E8A9D-5170-46C0-B35D-D2AD33292156} = {03DD28BC-03D8-490D-8F87-0CA14F7D509F}
		{0B752A11-638A-47A7-8F93-40D1F472AA70} = {03DD28BC-03D8-490D-8F87-0CA14F7D509F}
		{7C0D88C1-126E-4554-BA50-E50107E9904B} = {03DD28BC-03D8-490D-8F87-0CA14F7D509F}
		{2C41E589-DBB0-4FD9-89D5-0FDF2401735A} = {69AF9A41-98CD-4AC1-9590-A28761E8E12A}
		{A6886F19-D351-498D-BC62-55CE087123D1} = {69AF9A41-98CD-4AC1-9590-A28761E8E12A}
		{C638A90D-1295-4A79-ABC4-C428B3654767} = {69AF9A41-98CD-4AC1-9590-A28761E8E12A}
		{BB20CAF6-6DC0-4805-82FD-CCCB11C7F32E} = {69AF9A41-98CD-4AC1-9590-A28761E8E12A}
		{D5899A58-E608-4C30-A790-8AE7A5A3156F} = {69AF9A41-98CD-4AC1-9590-A28761E8E12A}
	EndGlobalSection
	GlobalSection(ExtensibilityGlobals) = postSolution
		SolutionGuid = {32D97F12-D22C-4FCD-8DDB-350C65508851}
	EndGlobalSection
EndGlobal
